
Microsoft Visual Studio Solution File, Format Version 12.00
# Visual Studio Version 16
VisualStudioVersion = 16.0.31105.61
MinimumVisualStudioVersion = 10.0.40219.1
Project("{FAE04EC0-301F-11D3-BF4B-00C04F79EFBC}") = "TDDKataDNI", "TDDKataDNI\TDDKataDNI.csproj", "{1A26F9F7-01E9-4C7A-A3A7-4BD66B67A031}"
EndProject
Global
	GlobalSection(SolutionConfigurationPlatforms) = preSolution
		Debug|Any CPU = Debug|Any CPU
		Release|Any CPU = Release|Any CPU
	EndGlobalSection
	GlobalSection(ProjectConfigurationPlatforms) = postSolution
		{1A26F9F7-01E9-4C7A-A3A7-4BD66B67A031}.Debug|Any CPU.ActiveCfg = Debug|Any CPU
		{1A26F9F7-01E9-4C7A-A3A7-4BD66B67A031}.Debug|Any CPU.Build.0 = Debug|Any CPU
		{1A26F9F7-01E9-4C7A-A3A7-4BD66B67A031}.Release|Any CPU.ActiveCfg = Release|Any CPU
		{1A26F9F7-01E9-4C7A-A3A7-4BD66B67A031}.Release|Any CPU.Build.0 = Release|Any CPU
	EndGlobalSection
	GlobalSection(SolutionProperties) = preSolution
		HideSolutionNode = FALSE
	EndGlobalSection
	GlobalSection(ExtensibilityGlobals) = postSolution
		SolutionGuid = {5B599FEA-C520-4F08-94F4-196F146F48C7}
	EndGlobalSection
EndGlobal
